// !$*UTF8*$!
{
	archiveVersion = 1;
	classes = {
	};
	objectVersion = 77;
	objects = {

/* Begin PBXBuildFile section */
		1588FC972CE24DE600A5C245 /* FirebaseCore in Frameworks */ = {isa = PBXBuildFile; productRef = 1588FC962CE24DE600A5C245 /* FirebaseCore */; };
		1588FC992CE24DE600A5C245 /* FirebaseDatabase in Frameworks */ = {isa = PBXBuildFile; productRef = 1588FC982CE24DE600A5C245 /* FirebaseDatabase */; };
		1588FC9B2CE2525400A5C245 /* FirebaseFirestore in Frameworks */ = {isa = PBXBuildFile; productRef = 1588FC9A2CE2525400A5C245 /* FirebaseFirestore */; };
/* End PBXBuildFile section */

/* Begin PBXContainerItemProxy section */
		F2189EEA2CDC12CE006380F3 /* PBXContainerItemProxy */ = {
			isa = PBXContainerItemProxy;
			containerPortal = F2189ED12CDC12CD006380F3 /* Project object */;
			proxyType = 1;
			remoteGlobalIDString = F2189ED82CDC12CD006380F3;
			remoteInfo = MasterMind;
		};
		F2189EF42CDC12CE006380F3 /* PBXContainerItemProxy */ = {
			isa = PBXContainerItemProxy;
			containerPortal = F2189ED12CDC12CD006380F3 /* Project object */;
			proxyType = 1;
			remoteGlobalIDString = F2189ED82CDC12CD006380F3;
			remoteInfo = MasterMind;
		};
/* End PBXContainerItemProxy section */

/* Begin PBXFileReference section */
		F2189ED92CDC12CD006380F3 /* MasterMind.app */ = {isa = PBXFileReference; explicitFileType = wrapper.application; includeInIndex = 0; path = MasterMind.app; sourceTree = BUILT_PRODUCTS_DIR; };
		F2189EE92CDC12CE006380F3 /* MasterMindTests.xctest */ = {isa = PBXFileReference; explicitFileType = wrapper.cfbundle; includeInIndex = 0; path = MasterMindTests.xctest; sourceTree = BUILT_PRODUCTS_DIR; };
		F2189EF32CDC12CE006380F3 /* MasterMindUITests.xctest */ = {isa = PBXFileReference; explicitFileType = wrapper.cfbundle; includeInIndex = 0; path = MasterMindUITests.xctest; sourceTree = BUILT_PRODUCTS_DIR; };
/* End PBXFileReference section */

/* Begin PBXFileSystemSynchronizedRootGroup section */
		F2189EDB2CDC12CD006380F3 /* MasterMind */ = {
			isa = PBXFileSystemSynchronizedRootGroup;
			path = MasterMind;
			sourceTree = "<group>";
		};
		F2189EEC2CDC12CE006380F3 /* MasterMindTests */ = {
			isa = PBXFileSystemSynchronizedRootGroup;
			path = MasterMindTests;
			sourceTree = "<group>";
		};
		F2189EF62CDC12CE006380F3 /* MasterMindUITests */ = {
			isa = PBXFileSystemSynchronizedRootGroup;
			path = MasterMindUITests;
			sourceTree = "<group>";
		};
/* End PBXFileSystemSynchronizedRootGroup section */

/* Begin PBXFrameworksBuildPhase section */
		F2189ED62CDC12CD006380F3 /* Frameworks */ = {
			isa = PBXFrameworksBuildPhase;
			buildActionMask = 2147483647;
			files = (
				1588FC992CE24DE600A5C245 /* FirebaseDatabase in Frameworks */,
				1588FC972CE24DE600A5C245 /* FirebaseCore in Frameworks */,
				1588FC9B2CE2525400A5C245 /* FirebaseFirestore in Frameworks */,
			);
			runOnlyForDeploymentPostprocessing = 0;
		};
		F2189EE62CDC12CE006380F3 /* Frameworks */ = {
			isa = PBXFrameworksBuildPhase;
			buildActionMask = 2147483647;
			files = (
			);
			runOnlyForDeploymentPostprocessing = 0;
		};
		F2189EF02CDC12CE006380F3 /* Frameworks */ = {
			isa = PBXFrameworksBuildPhase;
			buildActionMask = 2147483647;
			files = (
			);
			runOnlyForDeploymentPostprocessing = 0;
		};
/* End PBXFrameworksBuildPhase section */

/* Begin PBXGroup section */
		F2189ED02CDC12CD006380F3 = {
			isa = PBXGroup;
			children = (
				F2189EDB2CDC12CD006380F3 /* MasterMind */,
				F2189EEC2CDC12CE006380F3 /* MasterMindTests */,
				F2189EF62CDC12CE006380F3 /* MasterMindUITests */,
				F2189EDA2CDC12CD006380F3 /* Products */,
			);
			sourceTree = "<group>";
		};
		F2189EDA2CDC12CD006380F3 /* Products */ = {
			isa = PBXGroup;
			children = (
				F2189ED92CDC12CD006380F3 /* MasterMind.app */,
				F2189EE92CDC12CE006380F3 /* MasterMindTests.xctest */,
				F2189EF32CDC12CE006380F3 /* MasterMindUITests.xctest */,
			);
			name = Products;
			sourceTree = "<group>";
		};
/* End PBXGroup section */

/* Begin PBXNativeTarget section */
		F2189ED82CDC12CD006380F3 /* MasterMind */ = {
			isa = PBXNativeTarget;
			buildConfigurationList = F2189EFD2CDC12CE006380F3 /* Build configuration list for PBXNativeTarget "MasterMind" */;
			buildPhases = (
				F2189ED52CDC12CD006380F3 /* Sources */,
				F2189ED62CDC12CD006380F3 /* Frameworks */,
				F2189ED72CDC12CD006380F3 /* Resources */,
			);
			buildRules = (
			);
			dependencies = (
			);
			fileSystemSynchronizedGroups = (
				F2189EDB2CDC12CD006380F3 /* MasterMind */,
			);
			name = MasterMind;
			packageProductDependencies = (
				1588FC962CE24DE600A5C245 /* FirebaseCore */,
				1588FC982CE24DE600A5C245 /* FirebaseDatabase */,
				1588FC9A2CE2525400A5C245 /* FirebaseFirestore */,
			);
			productName = MasterMind;
			productReference = F2189ED92CDC12CD006380F3 /* MasterMind.app */;
			productType = "com.apple.product-type.application";
		};
		F2189EE82CDC12CE006380F3 /* MasterMindTests */ = {
			isa = PBXNativeTarget;
			buildConfigurationList = F2189F002CDC12CE006380F3 /* Build configuration list for PBXNativeTarget "MasterMindTests" */;
			buildPhases = (
				F2189EE52CDC12CE006380F3 /* Sources */,
				F2189EE62CDC12CE006380F3 /* Frameworks */,
				F2189EE72CDC12CE006380F3 /* Resources */,
			);
			buildRules = (
			);
			dependencies = (
				F2189EEB2CDC12CE006380F3 /* PBXTargetDependency */,
			);
			fileSystemSynchronizedGroups = (
				F2189EEC2CDC12CE006380F3 /* MasterMindTests */,
			);
			name = MasterMindTests;
			packageProductDependencies = (
			);
			productName = MasterMindTests;
			productReference = F2189EE92CDC12CE006380F3 /* MasterMindTests.xctest */;
			productType = "com.apple.product-type.bundle.unit-test";
		};
		F2189EF22CDC12CE006380F3 /* MasterMindUITests */ = {
			isa = PBXNativeTarget;
			buildConfigurationList = F2189F032CDC12CE006380F3 /* Build configuration list for PBXNativeTarget "MasterMindUITests" */;
			buildPhases = (
				F2189EEF2CDC12CE006380F3 /* Sources */,
				F2189EF02CDC12CE006380F3 /* Frameworks */,
				F2189EF12CDC12CE006380F3 /* Resources */,
			);
			buildRules = (
			);
			dependencies = (
				F2189EF52CDC12CE006380F3 /* PBXTargetDependency */,
			);
			fileSystemSynchronizedGroups = (
				F2189EF62CDC12CE006380F3 /* MasterMindUITests */,
			);
			name = MasterMindUITests;
			packageProductDependencies = (
			);
			productName = MasterMindUITests;
			productReference = F2189EF32CDC12CE006380F3 /* MasterMindUITests.xctest */;
			productType = "com.apple.product-type.bundle.ui-testing";
		};
/* End PBXNativeTarget section */

/* Begin PBXProject section */
		F2189ED12CDC12CD006380F3 /* Project object */ = {
			isa = PBXProject;
			attributes = {
				BuildIndependentTargetsInParallel = 1;
				LastSwiftUpdateCheck = 1610;
				LastUpgradeCheck = 1610;
				TargetAttributes = {
					F2189ED82CDC12CD006380F3 = {
						CreatedOnToolsVersion = 16.1;
					};
					F2189EE82CDC12CE006380F3 = {
						CreatedOnToolsVersion = 16.1;
						TestTargetID = F2189ED82CDC12CD006380F3;
					};
					F2189EF22CDC12CE006380F3 = {
						CreatedOnToolsVersion = 16.1;
						TestTargetID = F2189ED82CDC12CD006380F3;
					};
				};
			};
			buildConfigurationList = F2189ED42CDC12CD006380F3 /* Build configuration list for PBXProject "MasterMind" */;
			developmentRegion = en;
			hasScannedForEncodings = 0;
			knownRegions = (
				en,
				Base,
			);
			mainGroup = F2189ED02CDC12CD006380F3;
			minimizedProjectReferenceProxies = 1;
			packageReferences = (
				1588FC952CE24DE600A5C245 /* XCRemoteSwiftPackageReference "firebase-ios-sdk" */,
			);
			preferredProjectObjectVersion = 77;
			productRefGroup = F2189EDA2CDC12CD006380F3 /* Products */;
			projectDirPath = "";
			projectRoot = "";
			targets = (
				F2189ED82CDC12CD006380F3 /* MasterMind */,
				F2189EE82CDC12CE006380F3 /* MasterMindTests */,
				F2189EF22CDC12CE006380F3 /* MasterMindUITests */,
			);
		};
/* End PBXProject section */

/* Begin PBXResourcesBuildPhase section */
		F2189ED72CDC12CD006380F3 /* Resources */ = {
			isa = PBXResourcesBuildPhase;
			buildActionMask = 2147483647;
			files = (
			);
			runOnlyForDeploymentPostprocessing = 0;
		};
		F2189EE72CDC12CE006380F3 /* Resources */ = {
			isa = PBXResourcesBuildPhase;
			buildActionMask = 2147483647;
			files = (
			);
			runOnlyForDeploymentPostprocessing = 0;
		};
		F2189EF12CDC12CE006380F3 /* Resources */ = {
			isa = PBXResourcesBuildPhase;
			buildActionMask = 2147483647;
			files = (
			);
			runOnlyForDeploymentPostprocessing = 0;
		};
/* End PBXResourcesBuildPhase section */

/* Begin PBXSourcesBuildPhase section */
		F2189ED52CDC12CD006380F3 /* Sources */ = {
			isa = PBXSourcesBuildPhase;
			buildActionMask = 2147483647;
			files = (
			);
			runOnlyForDeploymentPostprocessing = 0;
		};
		F2189EE52CDC12CE006380F3 /* Sources */ = {
			isa = PBXSourcesBuildPhase;
			buildActionMask = 2147483647;
			files = (
			);
			runOnlyForDeploymentPostprocessing = 0;
		};
		F2189EEF2CDC12CE006380F3 /* Sources */ = {
			isa = PBXSourcesBuildPhase;
			buildActionMask = 2147483647;
			files = (
			);
			runOnlyForDeploymentPostprocessing = 0;
		};
/* End PBXSourcesBuildPhase section */

/* Begin PBXTargetDependency section */
		F2189EEB2CDC12CE006380F3 /* PBXTargetDependency */ = {
			isa = PBXTargetDependency;
			target = F2189ED82CDC12CD006380F3 /* MasterMind */;
			targetProxy = F2189EEA2CDC12CE006380F3 /* PBXContainerItemProxy */;
		};
		F2189EF52CDC12CE006380F3 /* PBXTargetDependency */ = {
			isa = PBXTargetDependency;
			target = F2189ED82CDC12CD006380F3 /* MasterMind */;
			targetProxy = F2189EF42CDC12CE006380F3 /* PBXContainerItemProxy */;
		};
/* End PBXTargetDependency section */

/* Begin XCBuildConfiguration section */
		F2189EFB2CDC12CE006380F3 /* Debug */ = {
			isa = XCBuildConfiguration;
			buildSettings = {
				ALWAYS_SEARCH_USER_PATHS = NO;
				ASSETCATALOG_COMPILER_GENERATE_SWIFT_ASSET_SYMBOL_EXTENSIONS = YES;
				CLANG_ANALYZER_NONNULL = YES;
				CLANG_ANALYZER_NUMBER_OBJECT_CONVERSION = YES_AGGRESSIVE;
				CLANG_CXX_LANGUAGE_STANDARD = "gnu++20";
				CLANG_ENABLE_MODULES = YES;
				CLANG_ENABLE_OBJC_ARC = YES;
				CLANG_ENABLE_OBJC_WEAK = YES;
				CLANG_WARN_BLOCK_CAPTURE_AUTORELEASING = YES;
				CLANG_WARN_BOOL_CONVERSION = YES;
				CLANG_WARN_COMMA = YES;
				CLANG_WARN_CONSTANT_CONVERSION = YES;
				CLANG_WARN_DEPRECATED_OBJC_IMPLEMENTATIONS = YES;
				CLANG_WARN_DIRECT_OBJC_ISA_USAGE = YES_ERROR;
				CLANG_WARN_DOCUMENTATION_COMMENTS = YES;
				CLANG_WARN_EMPTY_BODY = YES;
				CLANG_WARN_ENUM_CONVERSION = YES;
				CLANG_WARN_INFINITE_RECURSION = YES;
				CLANG_WARN_INT_CONVERSION = YES;
				CLANG_WARN_NON_LITERAL_NULL_CONVERSION = YES;
				CLANG_WARN_OBJC_IMPLICIT_RETAIN_SELF = YES;
				CLANG_WARN_OBJC_LITERAL_CONVERSION = YES;
				CLANG_WARN_OBJC_ROOT_CLASS = YES_ERROR;
				CLANG_WARN_QUOTED_INCLUDE_IN_FRAMEWORK_HEADER = YES;
				CLANG_WARN_RANGE_LOOP_ANALYSIS = YES;
				CLANG_WARN_STRICT_PROTOTYPES = YES;
				CLANG_WARN_SUSPICIOUS_MOVE = YES;
				CLANG_WARN_UNGUARDED_AVAILABILITY = YES_AGGRESSIVE;
				CLANG_WARN_UNREACHABLE_CODE = YES;
				CLANG_WARN__DUPLICATE_METHOD_MATCH = YES;
				COPY_PHASE_STRIP = NO;
				DEBUG_INFORMATION_FORMAT = dwarf;
				ENABLE_STRICT_OBJC_MSGSEND = YES;
				ENABLE_TESTABILITY = YES;
				ENABLE_USER_SCRIPT_SANDBOXING = YES;
				GCC_C_LANGUAGE_STANDARD = gnu17;
				GCC_DYNAMIC_NO_PIC = NO;
				GCC_NO_COMMON_BLOCKS = YES;
				GCC_OPTIMIZATION_LEVEL = 0;
				GCC_PREPROCESSOR_DEFINITIONS = (
					"DEBUG=1",
					"$(inherited)",
				);
				GCC_WARN_64_TO_32_BIT_CONVERSION = YES;
				GCC_WARN_ABOUT_RETURN_TYPE = YES_ERROR;
				GCC_WARN_UNDECLARED_SELECTOR = YES;
				GCC_WARN_UNINITIALIZED_AUTOS = YES_AGGRESSIVE;
				GCC_WARN_UNUSED_FUNCTION = YES;
				GCC_WARN_UNUSED_VARIABLE = YES;
				IPHONEOS_DEPLOYMENT_TARGET = 18.0;
				LOCALIZATION_PREFERS_STRING_CATALOGS = YES;
				MTL_ENABLE_DEBUG_INFO = INCLUDE_SOURCE;
				MTL_FAST_MATH = YES;
				ONLY_ACTIVE_ARCH = YES;
				SDKROOT = iphoneos;
				SWIFT_ACTIVE_COMPILATION_CONDITIONS = "DEBUG $(inherited)";
				SWIFT_OPTIMIZATION_LEVEL = "-Onone";
			};
			name = Debug;
		};
		F2189EFC2CDC12CE006380F3 /* Release */ = {
			isa = XCBuildConfiguration;
			buildSettings = {
				ALWAYS_SEARCH_USER_PATHS = NO;
				ASSETCATALOG_COMPILER_GENERATE_SWIFT_ASSET_SYMBOL_EXTENSIONS = YES;
				CLANG_ANALYZER_NONNULL = YES;
				CLANG_ANALYZER_NUMBER_OBJECT_CONVERSION = YES_AGGRESSIVE;
				CLANG_CXX_LANGUAGE_STANDARD = "gnu++20";
				CLANG_ENABLE_MODULES = YES;
				CLANG_ENABLE_OBJC_ARC = YES;
				CLANG_ENABLE_OBJC_WEAK = YES;
				CLANG_WARN_BLOCK_CAPTURE_AUTORELEASING = YES;
				CLANG_WARN_BOOL_CONVERSION = YES;
				CLANG_WARN_COMMA = YES;
				CLANG_WARN_CONSTANT_CONVERSION = YES;
				CLANG_WARN_DEPRECATED_OBJC_IMPLEMENTATIONS = YES;
				CLANG_WARN_DIRECT_OBJC_ISA_USAGE = YES_ERROR;
				CLANG_WARN_DOCUMENTATION_COMMENTS = YES;
				CLANG_WARN_EMPTY_BODY = YES;
				CLANG_WARN_ENUM_CONVERSION = YES;
				CLANG_WARN_INFINITE_RECURSION = YES;
				CLANG_WARN_INT_CONVERSION = YES;
				CLANG_WARN_NON_LITERAL_NULL_CONVERSION = YES;
				CLANG_WARN_OBJC_IMPLICIT_RETAIN_SELF = YES;
				CLANG_WARN_OBJC_LITERAL_CONVERSION = YES;
				CLANG_WARN_OBJC_ROOT_CLASS = YES_ERROR;
				CLANG_WARN_QUOTED_INCLUDE_IN_FRAMEWORK_HEADER = YES;
				CLANG_WARN_RANGE_LOOP_ANALYSIS = YES;
				CLANG_WARN_STRICT_PROTOTYPES = YES;
				CLANG_WARN_SUSPICIOUS_MOVE = YES;
				CLANG_WARN_UNGUARDED_AVAILABILITY = YES_AGGRESSIVE;
				CLANG_WARN_UNREACHABLE_CODE = YES;
				CLANG_WARN__DUPLICATE_METHOD_MATCH = YES;
				COPY_PHASE_STRIP = NO;
				DEBUG_INFORMATION_FORMAT = "dwarf-with-dsym";
				ENABLE_NS_ASSERTIONS = NO;
				ENABLE_STRICT_OBJC_MSGSEND = YES;
				ENABLE_USER_SCRIPT_SANDBOXING = YES;
				GCC_C_LANGUAGE_STANDARD = gnu17;
				GCC_NO_COMMON_BLOCKS = YES;
				GCC_WARN_64_TO_32_BIT_CONVERSION = YES;
				GCC_WARN_ABOUT_RETURN_TYPE = YES_ERROR;
				GCC_WARN_UNDECLARED_SELECTOR = YES;
				GCC_WARN_UNINITIALIZED_AUTOS = YES_AGGRESSIVE;
				GCC_WARN_UNUSED_FUNCTION = YES;
				GCC_WARN_UNUSED_VARIABLE = YES;
				IPHONEOS_DEPLOYMENT_TARGET = 18.0;
				LOCALIZATION_PREFERS_STRING_CATALOGS = YES;
				MTL_ENABLE_DEBUG_INFO = NO;
				MTL_FAST_MATH = YES;
				SDKROOT = iphoneos;
				SWIFT_COMPILATION_MODE = wholemodule;
				VALIDATE_PRODUCT = YES;
			};
			name = Release;
		};
		F2189EFE2CDC12CE006380F3 /* Debug */ = {
			isa = XCBuildConfiguration;
			buildSettings = {
				ASSETCATALOG_COMPILER_APPICON_NAME = AppIcon;
				ASSETCATALOG_COMPILER_GLOBAL_ACCENT_COLOR_NAME = AccentColor;
				CODE_SIGN_IDENTITY = "Apple Development";
				CODE_SIGN_STYLE = Automatic;
				CURRENT_PROJECT_VERSION = 1;
				DEVELOPMENT_ASSET_PATHS = "\"MasterMind/Preview Content\"";
				DEVELOPMENT_TEAM = L5HN736S53;
				ENABLE_PREVIEWS = YES;
				GENERATE_INFOPLIST_FILE = YES;
				INFOPLIST_KEY_UIApplicationSceneManifest_Generation = YES;
				INFOPLIST_KEY_UIApplicationSupportsIndirectInputEvents = YES;
				INFOPLIST_KEY_UILaunchScreen_Generation = YES;
				INFOPLIST_KEY_UISupportedInterfaceOrientations_iPad = "UIInterfaceOrientationPortrait UIInterfaceOrientationPortraitUpsideDown UIInterfaceOrientationLandscapeLeft UIInterfaceOrientationLandscapeRight";
				INFOPLIST_KEY_UISupportedInterfaceOrientations_iPhone = "UIInterfaceOrientationPortrait UIInterfaceOrientationLandscapeLeft UIInterfaceOrientationLandscapeRight";
				LD_RUNPATH_SEARCH_PATHS = (
					"$(inherited)",
					"@executable_path/Frameworks",
				);
				MARKETING_VERSION = 1.0;
				PRODUCT_BUNDLE_IDENTIFIER = Lian.MasterMind;
				PRODUCT_NAME = "$(TARGET_NAME)";
				PROVISIONING_PROFILE_SPECIFIER = "";
				SWIFT_EMIT_LOC_STRINGS = YES;
				SWIFT_VERSION = 5.0;
				TARGETED_DEVICE_FAMILY = "1,2";
			};
			name = Debug;
		};
		F2189EFF2CDC12CE006380F3 /* Release */ = {
			isa = XCBuildConfiguration;
			buildSettings = {
				ASSETCATALOG_COMPILER_APPICON_NAME = AppIcon;
				ASSETCATALOG_COMPILER_GLOBAL_ACCENT_COLOR_NAME = AccentColor;
				CODE_SIGN_IDENTITY = "Apple Development";
				CODE_SIGN_STYLE = Automatic;
				CURRENT_PROJECT_VERSION = 1;
				DEVELOPMENT_ASSET_PATHS = "\"MasterMind/Preview Content\"";
				DEVELOPMENT_TEAM = L5HN736S53;
				ENABLE_PREVIEWS = YES;
				GENERATE_INFOPLIST_FILE = YES;
				INFOPLIST_KEY_UIApplicationSceneManifest_Generation = YES;
				INFOPLIST_KEY_UIApplicationSupportsIndirectInputEvents = YES;
				INFOPLIST_KEY_UILaunchScreen_Generation = YES;
				INFOPLIST_KEY_UISupportedInterfaceOrientations_iPad = "UIInterfaceOrientationPortrait UIInterfaceOrientationPortraitUpsideDown UIInterfaceOrientationLandscapeLeft UIInterfaceOrientationLandscapeRight";
				INFOPLIST_KEY_UISupportedInterfaceOrientations_iPhone = "UIInterfaceOrientationPortrait UIInterfaceOrientationLandscapeLeft UIInterfaceOrientationLandscapeRight";
				LD_RUNPATH_SEARCH_PATHS = (
					"$(inherited)",
					"@executable_path/Frameworks",
				);
				MARKETING_VERSION = 1.0;
				PRODUCT_BUNDLE_IDENTIFIER = Lian.MasterMind;
				PRODUCT_NAME = "$(TARGET_NAME)";
				PROVISIONING_PROFILE_SPECIFIER = "";
				SWIFT_EMIT_LOC_STRINGS = YES;
				SWIFT_VERSION = 5.0;
				TARGETED_DEVICE_FAMILY = "1,2";
			};
			name = Release;
		};
		F2189F012CDC12CE006380F3 /* Debug */ = {
			isa = XCBuildConfiguration;
			buildSettings = {
				BUNDLE_LOADER = "$(TEST_HOST)";
				CODE_SIGN_STYLE = Automatic;
				CURRENT_PROJECT_VERSION = 1;
				GENERATE_INFOPLIST_FILE = YES;
				IPHONEOS_DEPLOYMENT_TARGET = 18.1;
				MARKETING_VERSION = 1.0;
				PRODUCT_BUNDLE_IDENTIFIER = Lian.MasterMindTests;
				PRODUCT_NAME = "$(TARGET_NAME)";
				SWIFT_EMIT_LOC_STRINGS = NO;
				SWIFT_VERSION = 5.0;
				TARGETED_DEVICE_FAMILY = "1,2";
				TEST_HOST = "$(BUILT_PRODUCTS_DIR)/MasterMind.app/$(BUNDLE_EXECUTABLE_FOLDER_PATH)/MasterMind";
			};
			name = Debug;
		};
		F2189F022CDC12CE006380F3 /* Release */ = {
			isa = XCBuildConfiguration;
			buildSettings = {
				BUNDLE_LOADER = "$(TEST_HOST)";
				CODE_SIGN_STYLE = Automatic;
				CURRENT_PROJECT_VERSION = 1;
				GENERATE_INFOPLIST_FILE = YES;
				IPHONEOS_DEPLOYMENT_TARGET = 18.1;
				MARKETING_VERSION = 1.0;
				PRODUCT_BUNDLE_IDENTIFIER = Lian.MasterMindTests;
				PRODUCT_NAME = "$(TARGET_NAME)";
				SWIFT_EMIT_LOC_STRINGS = NO;
				SWIFT_VERSION = 5.0;
				TARGETED_DEVICE_FAMILY = "1,2";
				TEST_HOST = "$(BUILT_PRODUCTS_DIR)/MasterMind.app/$(BUNDLE_EXECUTABLE_FOLDER_PATH)/MasterMind";
			};
			name = Release;
		};
		F2189F042CDC12CE006380F3 /* Debug */ = {
			isa = XCBuildConfiguration;
			buildSettings = {
				CODE_SIGN_STYLE = Automatic;
				CURRENT_PROJECT_VERSION = 1;
				GENERATE_INFOPLIST_FILE = YES;
				MARKETING_VERSION = 1.0;
				PRODUCT_BUNDLE_IDENTIFIER = Lian.MasterMindUITests;
				PRODUCT_NAME = "$(TARGET_NAME)";
				SWIFT_EMIT_LOC_STRINGS = NO;
				SWIFT_VERSION = 5.0;
				TARGETED_DEVICE_FAMILY = "1,2";
				TEST_TARGET_NAME = MasterMind;
			};
			name = Debug;
		};
		F2189F052CDC12CE006380F3 /* Release */ = {
			isa = XCBuildConfiguration;
			buildSettings = {
				CODE_SIGN_STYLE = Automatic;
				CURRENT_PROJECT_VERSION = 1;
				GENERATE_INFOPLIST_FILE = YES;
				MARKETING_VERSION = 1.0;
				PRODUCT_BUNDLE_IDENTIFIER = Lian.MasterMindUITests;
				PRODUCT_NAME = "$(TARGET_NAME)";
				SWIFT_EMIT_LOC_STRINGS = NO;
				SWIFT_VERSION = 5.0;
				TARGETED_DEVICE_FAMILY = "1,2";
				TEST_TARGET_NAME = MasterMind;
			};
			name = Release;
		};
/* End XCBuildConfiguration section */

/* Begin XCConfigurationList section */
		F2189ED42CDC12CD006380F3 /* Build configuration list for PBXProject "MasterMind" */ = {
			isa = XCConfigurationList;
			buildConfigurations = (
				F2189EFB2CDC12CE006380F3 /* Debug */,
				F2189EFC2CDC12CE006380F3 /* Release */,
			);
			defaultConfigurationIsVisible = 0;
			defaultConfigurationName = Release;
		};
		F2189EFD2CDC12CE006380F3 /* Build configuration list for PBXNativeTarget "MasterMind" */ = {
			isa = XCConfigurationList;
			buildConfigurations = (
				F2189EFE2CDC12CE006380F3 /* Debug */,
				F2189EFF2CDC12CE006380F3 /* Release */,
			);
			defaultConfigurationIsVisible = 0;
			defaultConfigurationName = Release;
		};
		F2189F002CDC12CE006380F3 /* Build configuration list for PBXNativeTarget "MasterMindTests" */ = {
			isa = XCConfigurationList;
			buildConfigurations = (
				F2189F012CDC12CE006380F3 /* Debug */,
				F2189F022CDC12CE006380F3 /* Release */,
			);
			defaultConfigurationIsVisible = 0;
			defaultConfigurationName = Release;
		};
		F2189F032CDC12CE006380F3 /* Build configuration list for PBXNativeTarget "MasterMindUITests" */ = {
			isa = XCConfigurationList;
			buildConfigurations = (
				F2189F042CDC12CE006380F3 /* Debug */,
				F2189F052CDC12CE006380F3 /* Release */,
			);
			defaultConfigurationIsVisible = 0;
			defaultConfigurationName = Release;
		};
/* End XCConfigurationList section */

/* Begin XCRemoteSwiftPackageReference section */
		1588FC952CE24DE600A5C245 /* XCRemoteSwiftPackageReference "firebase-ios-sdk" */ = {
			isa = XCRemoteSwiftPackageReference;
			repositoryURL = "https://github.com/firebase/firebase-ios-sdk";
			requirement = {
				kind = upToNextMajorVersion;
				minimumVersion = 11.4.0;
			};
		};
/* End XCRemoteSwiftPackageReference section */

/* Begin XCSwiftPackageProductDependency section */
		1588FC962CE24DE600A5C245 /* FirebaseCore */ = {
			isa = XCSwiftPackageProductDependency;
			package = 1588FC952CE24DE600A5C245 /* XCRemoteSwiftPackageReference "firebase-ios-sdk" */;
			productName = FirebaseCore;
		};
		1588FC982CE24DE600A5C245 /* FirebaseDatabase */ = {
			isa = XCSwiftPackageProductDependency;
			package = 1588FC952CE24DE600A5C245 /* XCRemoteSwiftPackageReference "firebase-ios-sdk" */;
			productName = FirebaseDatabase;
		};
		1588FC9A2CE2525400A5C245 /* FirebaseFirestore */ = {
			isa = XCSwiftPackageProductDependency;
			package = 1588FC952CE24DE600A5C245 /* XCRemoteSwiftPackageReference "firebase-ios-sdk" */;
			productName = FirebaseFirestore;
		};
/* End XCSwiftPackageProductDependency section */
	};
	rootObject = F2189ED12CDC12CD006380F3 /* Project object */;
}
